// !$*UTF8*$!
{
	archiveVersion = 1;
	classes = {
	};
	objectVersion = 55;
	objects = {

/* Begin PBXBuildFile section */
		0243392827C343090000708D /* PokeDex_iosApp.swift in Sources */ = {isa = PBXBuildFile; fileRef = 0243392727C343090000708D /* PokeDex_iosApp.swift */; };
		0243392C27C3430A0000708D /* Assets.xcassets in Resources */ = {isa = PBXBuildFile; fileRef = 0243392B27C3430A0000708D /* Assets.xcassets */; };
		0243392F27C3430A0000708D /* Preview Assets.xcassets in Resources */ = {isa = PBXBuildFile; fileRef = 0243392E27C3430A0000708D /* Preview Assets.xcassets */; };
		0243393927C3430A0000708D /* PokeDex_iosTests.swift in Sources */ = {isa = PBXBuildFile; fileRef = 0243393827C3430A0000708D /* PokeDex_iosTests.swift */; };
		0243394327C3430A0000708D /* PokeDex_iosUITests.swift in Sources */ = {isa = PBXBuildFile; fileRef = 0243394227C3430A0000708D /* PokeDex_iosUITests.swift */; };
		0243394527C3430A0000708D /* PokeDex_iosUITestsLaunchTests.swift in Sources */ = {isa = PBXBuildFile; fileRef = 0243394427C3430A0000708D /* PokeDex_iosUITestsLaunchTests.swift */; };
		0243395527C343B40000708D /* PokemonCell.swift in Sources */ = {isa = PBXBuildFile; fileRef = 0243395427C343B40000708D /* PokemonCell.swift */; };
		0243395727C352970000708D /* PokedexView.swift in Sources */ = {isa = PBXBuildFile; fileRef = 0243395627C352970000708D /* PokedexView.swift */; };
		0243395927C353EC0000708D /* Pokemon.swift in Sources */ = {isa = PBXBuildFile; fileRef = 0243395827C353EC0000708D /* Pokemon.swift */; };
		0243395B27C355B90000708D /* PokemonViewModel.swift in Sources */ = {isa = PBXBuildFile; fileRef = 0243395A27C355B90000708D /* PokemonViewModel.swift */; };
		0243395E27C35AFD0000708D /* Kingfisher in Frameworks */ = {isa = PBXBuildFile; productRef = 0243395D27C35AFD0000708D /* Kingfisher */; };
		0243396027C36C100000708D /* PokemonDetailsCard.swift in Sources */ = {isa = PBXBuildFile; fileRef = 0243395F27C36C100000708D /* PokemonDetailsCard.swift */; };
		0260A20827C71F7500CF720F /* LocalPushNotification.swift in Sources */ = {isa = PBXBuildFile; fileRef = 0260A20727C71F7500CF720F /* LocalPushNotification.swift */; };
		0260A20A27C72B5900CF720F /* ScenePhaseTest.swift in Sources */ = {isa = PBXBuildFile; fileRef = 0260A20927C72B5900CF720F /* ScenePhaseTest.swift */; };
		0260A20C27C72E9500CF720F /* AnimationViewTest.swift in Sources */ = {isa = PBXBuildFile; fileRef = 0260A20B27C72E9500CF720F /* AnimationViewTest.swift */; };
		02F4681927C4D66A00A9ABA6 /* UserData.xcdatamodeld in Sources */ = {isa = PBXBuildFile; fileRef = 02F4681727C4D66A00A9ABA6 /* UserData.xcdatamodeld */; };
		02F4681B27C4D6DF00A9ABA6 /* DataController.swift in Sources */ = {isa = PBXBuildFile; fileRef = 02F4681A27C4D6DF00A9ABA6 /* DataController.swift */; };
/* End PBXBuildFile section */

/* Begin PBXContainerItemProxy section */
		0243393527C3430A0000708D /* PBXContainerItemProxy */ = {
			isa = PBXContainerItemProxy;
			containerPortal = 0243391C27C343090000708D /* Project object */;
			proxyType = 1;
			remoteGlobalIDString = 0243392327C343090000708D;
			remoteInfo = PokeDex_ios;
		};
		0243393F27C3430A0000708D /* PBXContainerItemProxy */ = {
			isa = PBXContainerItemProxy;
			containerPortal = 0243391C27C343090000708D /* Project object */;
			proxyType = 1;
			remoteGlobalIDString = 0243392327C343090000708D;
			remoteInfo = PokeDex_ios;
		};
/* End PBXContainerItemProxy section */

/* Begin PBXFileReference section */
		0243392427C343090000708D /* PokeDex_ios.app */ = {isa = PBXFileReference; explicitFileType = wrapper.application; includeInIndex = 0; path = PokeDex_ios.app; sourceTree = BUILT_PRODUCTS_DIR; };
		0243392727C343090000708D /* PokeDex_iosApp.swift */ = {isa = PBXFileReference; lastKnownFileType = sourcecode.swift; path = PokeDex_iosApp.swift; sourceTree = "<group>"; };
		0243392B27C3430A0000708D /* Assets.xcassets */ = {isa = PBXFileReference; lastKnownFileType = folder.assetcatalog; path = Assets.xcassets; sourceTree = "<group>"; };
		0243392E27C3430A0000708D /* Preview Assets.xcassets */ = {isa = PBXFileReference; lastKnownFileType = folder.assetcatalog; path = "Preview Assets.xcassets"; sourceTree = "<group>"; };
		0243393427C3430A0000708D /* PokeDex_iosTests.xctest */ = {isa = PBXFileReference; explicitFileType = wrapper.cfbundle; includeInIndex = 0; path = PokeDex_iosTests.xctest; sourceTree = BUILT_PRODUCTS_DIR; };
		0243393827C3430A0000708D /* PokeDex_iosTests.swift */ = {isa = PBXFileReference; lastKnownFileType = sourcecode.swift; path = PokeDex_iosTests.swift; sourceTree = "<group>"; };
		0243393E27C3430A0000708D /* PokeDex_iosUITests.xctest */ = {isa = PBXFileReference; explicitFileType = wrapper.cfbundle; includeInIndex = 0; path = PokeDex_iosUITests.xctest; sourceTree = BUILT_PRODUCTS_DIR; };
		0243394227C3430A0000708D /* PokeDex_iosUITests.swift */ = {isa = PBXFileReference; lastKnownFileType = sourcecode.swift; path = PokeDex_iosUITests.swift; sourceTree = "<group>"; };
		0243394427C3430A0000708D /* PokeDex_iosUITestsLaunchTests.swift */ = {isa = PBXFileReference; lastKnownFileType = sourcecode.swift; path = PokeDex_iosUITestsLaunchTests.swift; sourceTree = "<group>"; };
		0243395427C343B40000708D /* PokemonCell.swift */ = {isa = PBXFileReference; lastKnownFileType = sourcecode.swift; path = PokemonCell.swift; sourceTree = "<group>"; };
		0243395627C352970000708D /* PokedexView.swift */ = {isa = PBXFileReference; lastKnownFileType = sourcecode.swift; path = PokedexView.swift; sourceTree = "<group>"; };
		0243395827C353EC0000708D /* Pokemon.swift */ = {isa = PBXFileReference; lastKnownFileType = sourcecode.swift; path = Pokemon.swift; sourceTree = "<group>"; };
		0243395A27C355B90000708D /* PokemonViewModel.swift */ = {isa = PBXFileReference; lastKnownFileType = sourcecode.swift; path = PokemonViewModel.swift; sourceTree = "<group>"; };
		0243395F27C36C100000708D /* PokemonDetailsCard.swift */ = {isa = PBXFileReference; lastKnownFileType = sourcecode.swift; path = PokemonDetailsCard.swift; sourceTree = "<group>"; };
		0260A20727C71F7500CF720F /* LocalPushNotification.swift */ = {isa = PBXFileReference; lastKnownFileType = sourcecode.swift; path = LocalPushNotification.swift; sourceTree = "<group>"; };
		0260A20927C72B5900CF720F /* ScenePhaseTest.swift */ = {isa = PBXFileReference; lastKnownFileType = sourcecode.swift; path = ScenePhaseTest.swift; sourceTree = "<group>"; };
		0260A20B27C72E9500CF720F /* AnimationViewTest.swift */ = {isa = PBXFileReference; lastKnownFileType = sourcecode.swift; path = AnimationViewTest.swift; sourceTree = "<group>"; };
		02F4681827C4D66A00A9ABA6 /* UserData.xcdatamodel */ = {isa = PBXFileReference; lastKnownFileType = wrapper.xcdatamodel; path = UserData.xcdatamodel; sourceTree = "<group>"; };
		02F4681A27C4D6DF00A9ABA6 /* DataController.swift */ = {isa = PBXFileReference; lastKnownFileType = sourcecode.swift; path = DataController.swift; sourceTree = "<group>"; };
/* End PBXFileReference section */

/* Begin PBXFrameworksBuildPhase section */
		0243392127C343090000708D /* Frameworks */ = {
			isa = PBXFrameworksBuildPhase;
			buildActionMask = 2147483647;
			files = (
				0243395E27C35AFD0000708D /* Kingfisher in Frameworks */,
			);
			runOnlyForDeploymentPostprocessing = 0;
		};
		0243393127C3430A0000708D /* Frameworks */ = {
			isa = PBXFrameworksBuildPhase;
			buildActionMask = 2147483647;
			files = (
			);
			runOnlyForDeploymentPostprocessing = 0;
		};
		0243393B27C3430A0000708D /* Frameworks */ = {
			isa = PBXFrameworksBuildPhase;
			buildActionMask = 2147483647;
			files = (
			);
			runOnlyForDeploymentPostprocessing = 0;
		};
/* End PBXFrameworksBuildPhase section */

/* Begin PBXGroup section */
		0243391B27C343090000708D = {
			isa = PBXGroup;
			children = (
				0243392627C343090000708D /* PokeDex_ios */,
				0243393727C3430A0000708D /* PokeDex_iosTests */,
				0243394127C3430A0000708D /* PokeDex_iosUITests */,
				0243392527C343090000708D /* Products */,
			);
			sourceTree = "<group>";
		};
		0243392527C343090000708D /* Products */ = {
			isa = PBXGroup;
			children = (
				0243392427C343090000708D /* PokeDex_ios.app */,
				0243393427C3430A0000708D /* PokeDex_iosTests.xctest */,
				0243393E27C3430A0000708D /* PokeDex_iosUITests.xctest */,
			);
			name = Products;
			sourceTree = "<group>";
		};
		0243392627C343090000708D /* PokeDex_ios */ = {
			isa = PBXGroup;
			children = (
				02F4681627C4D64B00A9ABA6 /* Data */,
				0243395127C3436D0000708D /* Model */,
				0243395227C343750000708D /* View */,
				0243395327C343790000708D /* ViewModel */,
				0243392727C343090000708D /* PokeDex_iosApp.swift */,
				0243392B27C3430A0000708D /* Assets.xcassets */,
				0243392D27C3430A0000708D /* Preview Content */,
			);
			path = PokeDex_ios;
			sourceTree = "<group>";
		};
		0243392D27C3430A0000708D /* Preview Content */ = {
			isa = PBXGroup;
			children = (
				0243392E27C3430A0000708D /* Preview Assets.xcassets */,
			);
			path = "Preview Content";
			sourceTree = "<group>";
		};
		0243393727C3430A0000708D /* PokeDex_iosTests */ = {
			isa = PBXGroup;
			children = (
				0243393827C3430A0000708D /* PokeDex_iosTests.swift */,
			);
			path = PokeDex_iosTests;
			sourceTree = "<group>";
		};
		0243394127C3430A0000708D /* PokeDex_iosUITests */ = {
			isa = PBXGroup;
			children = (
				0243394227C3430A0000708D /* PokeDex_iosUITests.swift */,
				0243394427C3430A0000708D /* PokeDex_iosUITestsLaunchTests.swift */,
			);
			path = PokeDex_iosUITests;
			sourceTree = "<group>";
		};
		0243395127C3436D0000708D /* Model */ = {
			isa = PBXGroup;
			children = (
				0243395827C353EC0000708D /* Pokemon.swift */,
			);
			path = Model;
			sourceTree = "<group>";
		};
		0243395227C343750000708D /* View */ = {
			isa = PBXGroup;
			children = (
				0243395427C343B40000708D /* PokemonCell.swift */,
				0243395627C352970000708D /* PokedexView.swift */,
				0243395F27C36C100000708D /* PokemonDetailsCard.swift */,
				0260A20727C71F7500CF720F /* LocalPushNotification.swift */,
				0260A20927C72B5900CF720F /* ScenePhaseTest.swift */,
				0260A20B27C72E9500CF720F /* AnimationViewTest.swift */,
			);
			path = View;
			sourceTree = "<group>";
		};
		0243395327C343790000708D /* ViewModel */ = {
			isa = PBXGroup;
			children = (
				0243395A27C355B90000708D /* PokemonViewModel.swift */,
			);
			path = ViewModel;
			sourceTree = "<group>";
		};
		02F4681627C4D64B00A9ABA6 /* Data */ = {
			isa = PBXGroup;
			children = (
				02F4681727C4D66A00A9ABA6 /* UserData.xcdatamodeld */,
				02F4681A27C4D6DF00A9ABA6 /* DataController.swift */,
			);
			path = Data;
			sourceTree = "<group>";
		};
/* End PBXGroup section */

/* Begin PBXNativeTarget section */
		0243392327C343090000708D /* PokeDex_ios */ = {
			isa = PBXNativeTarget;
			buildConfigurationList = 0243394827C3430A0000708D /* Build configuration list for PBXNativeTarget "PokeDex_ios" */;
			buildPhases = (
				0243392027C343090000708D /* Sources */,
				0243392127C343090000708D /* Frameworks */,
				0243392227C343090000708D /* Resources */,
			);
			buildRules = (
			);
			dependencies = (
			);
			name = PokeDex_ios;
			packageProductDependencies = (
				0243395D27C35AFD0000708D /* Kingfisher */,
			);
			productName = PokeDex_ios;
			productReference = 0243392427C343090000708D /* PokeDex_ios.app */;
			productType = "com.apple.product-type.application";
		};
		0243393327C3430A0000708D /* PokeDex_iosTests */ = {
			isa = PBXNativeTarget;
			buildConfigurationList = 0243394B27C3430A0000708D /* Build configuration list for PBXNativeTarget "PokeDex_iosTests" */;
			buildPhases = (
				0243393027C3430A0000708D /* Sources */,
				0243393127C3430A0000708D /* Frameworks */,
				0243393227C3430A0000708D /* Resources */,
			);
			buildRules = (
			);
			dependencies = (
				0243393627C3430A0000708D /* PBXTargetDependency */,
			);
			name = PokeDex_iosTests;
			productName = PokeDex_iosTests;
			productReference = 0243393427C3430A0000708D /* PokeDex_iosTests.xctest */;
			productType = "com.apple.product-type.bundle.unit-test";
		};
		0243393D27C3430A0000708D /* PokeDex_iosUITests */ = {
			isa = PBXNativeTarget;
			buildConfigurationList = 0243394E27C3430A0000708D /* Build configuration list for PBXNativeTarget "PokeDex_iosUITests" */;
			buildPhases = (
				0243393A27C3430A0000708D /* Sources */,
				0243393B27C3430A0000708D /* Frameworks */,
				0243393C27C3430A0000708D /* Resources */,
			);
			buildRules = (
			);
			dependencies = (
				0243394027C3430A0000708D /* PBXTargetDependency */,
			);
			name = PokeDex_iosUITests;
			productName = PokeDex_iosUITests;
			productReference = 0243393E27C3430A0000708D /* PokeDex_iosUITests.xctest */;
			productType = "com.apple.product-type.bundle.ui-testing";
		};
/* End PBXNativeTarget section */

/* Begin PBXProject section */
		0243391C27C343090000708D /* Project object */ = {
			isa = PBXProject;
			attributes = {
				BuildIndependentTargetsInParallel = 1;
				LastSwiftUpdateCheck = 1310;
				LastUpgradeCheck = 1310;
				TargetAttributes = {
					0243392327C343090000708D = {
						CreatedOnToolsVersion = 13.1;
					};
					0243393327C3430A0000708D = {
						CreatedOnToolsVersion = 13.1;
						TestTargetID = 0243392327C343090000708D;
					};
					0243393D27C3430A0000708D = {
						CreatedOnToolsVersion = 13.1;
						TestTargetID = 0243392327C343090000708D;
					};
				};
			};
			buildConfigurationList = 0243391F27C343090000708D /* Build configuration list for PBXProject "PokeDex_ios" */;
			compatibilityVersion = "Xcode 13.0";
			developmentRegion = en;
			hasScannedForEncodings = 0;
			knownRegions = (
				en,
				Base,
			);
			mainGroup = 0243391B27C343090000708D;
			packageReferences = (
				0243395C27C35AFD0000708D /* XCRemoteSwiftPackageReference "Kingfisher" */,
			);
			productRefGroup = 0243392527C343090000708D /* Products */;
			projectDirPath = "";
			projectRoot = "";
			targets = (
				0243392327C343090000708D /* PokeDex_ios */,
				0243393327C3430A0000708D /* PokeDex_iosTests */,
				0243393D27C3430A0000708D /* PokeDex_iosUITests */,
			);
		};
/* End PBXProject section */

/* Begin PBXResourcesBuildPhase section */
		0243392227C343090000708D /* Resources */ = {
			isa = PBXResourcesBuildPhase;
			buildActionMask = 2147483647;
			files = (
				0243392F27C3430A0000708D /* Preview Assets.xcassets in Resources */,
				0243392C27C3430A0000708D /* Assets.xcassets in Resources */,
			);
			runOnlyForDeploymentPostprocessing = 0;
		};
		0243393227C3430A0000708D /* Resources */ = {
			isa = PBXResourcesBuildPhase;
			buildActionMask = 2147483647;
			files = (
			);
			runOnlyForDeploymentPostprocessing = 0;
		};
		0243393C27C3430A0000708D /* Resources */ = {
			isa = PBXResourcesBuildPhase;
			buildActionMask = 2147483647;
			files = (
			);
			runOnlyForDeploymentPostprocessing = 0;
		};
/* End PBXResourcesBuildPhase section */

/* Begin PBXSourcesBuildPhase section */
		0243392027C343090000708D /* Sources */ = {
			isa = PBXSourcesBuildPhase;
			buildActionMask = 2147483647;
			files = (
				0243395927C353EC0000708D /* Pokemon.swift in Sources */,
				0243395B27C355B90000708D /* PokemonViewModel.swift in Sources */,
				0243396027C36C100000708D /* PokemonDetailsCard.swift in Sources */,
				0243392827C343090000708D /* PokeDex_iosApp.swift in Sources */,
				0260A20C27C72E9500CF720F /* AnimationViewTest.swift in Sources */,
				0260A20827C71F7500CF720F /* LocalPushNotification.swift in Sources */,
				0243395527C343B40000708D /* PokemonCell.swift in Sources */,
				0260A20A27C72B5900CF720F /* ScenePhaseTest.swift in Sources */,
				02F4681B27C4D6DF00A9ABA6 /* DataController.swift in Sources */,
				0243395727C352970000708D /* PokedexView.swift in Sources */,
				02F4681927C4D66A00A9ABA6 /* UserData.xcdatamodeld in Sources */,
			);
			runOnlyForDeploymentPostprocessing = 0;
		};
		0243393027C3430A0000708D /* Sources */ = {
			isa = PBXSourcesBuildPhase;
			buildActionMask = 2147483647;
			files = (
				0243393927C3430A0000708D /* PokeDex_iosTests.swift in Sources */,
			);
			runOnlyForDeploymentPostprocessing = 0;
		};
		0243393A27C3430A0000708D /* Sources */ = {
			isa = PBXSourcesBuildPhase;
			buildActionMask = 2147483647;
			files = (
				0243394327C3430A0000708D /* PokeDex_iosUITests.swift in Sources */,
				0243394527C3430A0000708D /* PokeDex_iosUITestsLaunchTests.swift in Sources */,
			);
			runOnlyForDeploymentPostprocessing = 0;
		};
/* End PBXSourcesBuildPhase section */

/* Begin PBXTargetDependency section */
		0243393627C3430A0000708D /* PBXTargetDependency */ = {
			isa = PBXTargetDependency;
			target = 0243392327C343090000708D /* PokeDex_ios */;
			targetProxy = 0243393527C3430A0000708D /* PBXContainerItemProxy */;
		};
		0243394027C3430A0000708D /* PBXTargetDependency */ = {
			isa = PBXTargetDependency;
			target = 0243392327C343090000708D /* PokeDex_ios */;
			targetProxy = 0243393F27C3430A0000708D /* PBXContainerItemProxy */;
		};
/* End PBXTargetDependency section */

/* Begin XCBuildConfiguration section */
		0243394627C3430A0000708D /* Debug */ = {
			isa = XCBuildConfiguration;
			buildSettings = {
				ALWAYS_SEARCH_USER_PATHS = NO;
				CLANG_ANALYZER_NONNULL = YES;
				CLANG_ANALYZER_NUMBER_OBJECT_CONVERSION = YES_AGGRESSIVE;
				CLANG_CXX_LANGUAGE_STANDARD = "gnu++17";
				CLANG_CXX_LIBRARY = "libc++";
				CLANG_ENABLE_MODULES = YES;
				CLANG_ENABLE_OBJC_ARC = YES;
				CLANG_ENABLE_OBJC_WEAK = YES;
				CLANG_WARN_BLOCK_CAPTURE_AUTORELEASING = YES;
				CLANG_WARN_BOOL_CONVERSION = YES;
				CLANG_WARN_COMMA = YES;
				CLANG_WARN_CONSTANT_CONVERSION = YES;
				CLANG_WARN_DEPRECATED_OBJC_IMPLEMENTATIONS = YES;
				CLANG_WARN_DIRECT_OBJC_ISA_USAGE = YES_ERROR;
				CLANG_WARN_DOCUMENTATION_COMMENTS = YES;
				CLANG_WARN_EMPTY_BODY = YES;
				CLANG_WARN_ENUM_CONVERSION = YES;
				CLANG_WARN_INFINITE_RECURSION = YES;
				CLANG_WARN_INT_CONVERSION = YES;
				CLANG_WARN_NON_LITERAL_NULL_CONVERSION = YES;
				CLANG_WARN_OBJC_IMPLICIT_RETAIN_SELF = YES;
				CLANG_WARN_OBJC_LITERAL_CONVERSION = YES;
				CLANG_WARN_OBJC_ROOT_CLASS = YES_ERROR;
				CLANG_WARN_QUOTED_INCLUDE_IN_FRAMEWORK_HEADER = YES;
				CLANG_WARN_RANGE_LOOP_ANALYSIS = YES;
				CLANG_WARN_STRICT_PROTOTYPES = YES;
				CLANG_WARN_SUSPICIOUS_MOVE = YES;
				CLANG_WARN_UNGUARDED_AVAILABILITY = YES_AGGRESSIVE;
				CLANG_WARN_UNREACHABLE_CODE = YES;
				CLANG_WARN__DUPLICATE_METHOD_MATCH = YES;
				COPY_PHASE_STRIP = NO;
				DEBUG_INFORMATION_FORMAT = dwarf;
				ENABLE_STRICT_OBJC_MSGSEND = YES;
				ENABLE_TESTABILITY = YES;
				GCC_C_LANGUAGE_STANDARD = gnu11;
				GCC_DYNAMIC_NO_PIC = NO;
				GCC_NO_COMMON_BLOCKS = YES;
				GCC_OPTIMIZATION_LEVEL = 0;
				GCC_PREPROCESSOR_DEFINITIONS = (
					"DEBUG=1",
					"$(inherited)",
				);
				GCC_WARN_64_TO_32_BIT_CONVERSION = YES;
				GCC_WARN_ABOUT_RETURN_TYPE = YES_ERROR;
				GCC_WARN_UNDECLARED_SELECTOR = YES;
				GCC_WARN_UNINITIALIZED_AUTOS = YES_AGGRESSIVE;
				GCC_WARN_UNUSED_FUNCTION = YES;
				GCC_WARN_UNUSED_VARIABLE = YES;
				IPHONEOS_DEPLOYMENT_TARGET = 15.0;
				MTL_ENABLE_DEBUG_INFO = INCLUDE_SOURCE;
				MTL_FAST_MATH = YES;
				ONLY_ACTIVE_ARCH = YES;
				SDKROOT = iphoneos;
				SWIFT_ACTIVE_COMPILATION_CONDITIONS = DEBUG;
				SWIFT_OPTIMIZATION_LEVEL = "-Onone";
			};
			name = Debug;
		};
		0243394727C3430A0000708D /* Release */ = {
			isa = XCBuildConfiguration;
			buildSettings = {
				ALWAYS_SEARCH_USER_PATHS = NO;
				CLANG_ANALYZER_NONNULL = YES;
				CLANG_ANALYZER_NUMBER_OBJECT_CONVERSION = YES_AGGRESSIVE;
				CLANG_CXX_LANGUAGE_STANDARD = "gnu++17";
				CLANG_CXX_LIBRARY = "libc++";
				CLANG_ENABLE_MODULES = YES;
				CLANG_ENABLE_OBJC_ARC = YES;
				CLANG_ENABLE_OBJC_WEAK = YES;
				CLANG_WARN_BLOCK_CAPTURE_AUTORELEASING = YES;
				CLANG_WARN_BOOL_CONVERSION = YES;
				CLANG_WARN_COMMA = YES;
				CLANG_WARN_CONSTANT_CONVERSION = YES;
				CLANG_WARN_DEPRECATED_OBJC_IMPLEMENTATIONS = YES;
				CLANG_WARN_DIRECT_OBJC_ISA_USAGE = YES_ERROR;
				CLANG_WARN_DOCUMENTATION_COMMENTS = YES;
				CLANG_WARN_EMPTY_BODY = YES;
				CLANG_WARN_ENUM_CONVERSION = YES;
				CLANG_WARN_INFINITE_RECURSION = YES;
				CLANG_WARN_INT_CONVERSION = YES;
				CLANG_WARN_NON_LITERAL_NULL_CONVERSION = YES;
				CLANG_WARN_OBJC_IMPLICIT_RETAIN_SELF = YES;
				CLANG_WARN_OBJC_LITERAL_CONVERSION = YES;
				CLANG_WARN_OBJC_ROOT_CLASS = YES_ERROR;
				CLANG_WARN_QUOTED_INCLUDE_IN_FRAMEWORK_HEADER = YES;
				CLANG_WARN_RANGE_LOOP_ANALYSIS = YES;
				CLANG_WARN_STRICT_PROTOTYPES = YES;
				CLANG_WARN_SUSPICIOUS_MOVE = YES;
				CLANG_WARN_UNGUARDED_AVAILABILITY = YES_AGGRESSIVE;
				CLANG_WARN_UNREACHABLE_CODE = YES;
				CLANG_WARN__DUPLICATE_METHOD_MATCH = YES;
				COPY_PHASE_STRIP = NO;
				DEBUG_INFORMATION_FORMAT = "dwarf-with-dsym";
				ENABLE_NS_ASSERTIONS = NO;
				ENABLE_STRICT_OBJC_MSGSEND = YES;
				GCC_C_LANGUAGE_STANDARD = gnu11;
				GCC_NO_COMMON_BLOCKS = YES;
				GCC_WARN_64_TO_32_BIT_CONVERSION = YES;
				GCC_WARN_ABOUT_RETURN_TYPE = YES_ERROR;
				GCC_WARN_UNDECLARED_SELECTOR = YES;
				GCC_WARN_UNINITIALIZED_AUTOS = YES_AGGRESSIVE;
				GCC_WARN_UNUSED_FUNCTION = YES;
				GCC_WARN_UNUSED_VARIABLE = YES;
				IPHONEOS_DEPLOYMENT_TARGET = 15.0;
				MTL_ENABLE_DEBUG_INFO = NO;
				MTL_FAST_MATH = YES;
				SDKROOT = iphoneos;
				SWIFT_COMPILATION_MODE = wholemodule;
				SWIFT_OPTIMIZATION_LEVEL = "-O";
				VALIDATE_PRODUCT = YES;
			};
			name = Release;
		};
		0243394927C3430A0000708D /* Debug */ = {
			isa = XCBuildConfiguration;
			buildSettings = {
				ASSETCATALOG_COMPILER_APPICON_NAME = AppIcon;
				ASSETCATALOG_COMPILER_GLOBAL_ACCENT_COLOR_NAME = AccentColor;
				CODE_SIGN_STYLE = Automatic;
				CURRENT_PROJECT_VERSION = 1;
				DEVELOPMENT_ASSET_PATHS = "\"PokeDex_ios/Preview Content\"";
				DEVELOPMENT_TEAM = 5F87C7YA3A;
				ENABLE_PREVIEWS = YES;
				GENERATE_INFOPLIST_FILE = YES;
				INFOPLIST_KEY_UIApplicationSceneManifest_Generation = YES;
				INFOPLIST_KEY_UIApplicationSupportsIndirectInputEvents = YES;
				INFOPLIST_KEY_UILaunchScreen_Generation = YES;
				INFOPLIST_KEY_UISupportedInterfaceOrientations_iPad = "UIInterfaceOrientationPortrait UIInterfaceOrientationPortraitUpsideDown UIInterfaceOrientationLandscapeLeft UIInterfaceOrientationLandscapeRight";
				INFOPLIST_KEY_UISupportedInterfaceOrientations_iPhone = "UIInterfaceOrientationPortrait UIInterfaceOrientationLandscapeLeft UIInterfaceOrientationLandscapeRight";
				LD_RUNPATH_SEARCH_PATHS = (
					"$(inherited)",
					"@executable_path/Frameworks",
				);
				MARKETING_VERSION = 1.0;
				PRODUCT_BUNDLE_IDENTIFIER = "com.jordyyeoman.PokeDex-ios";
				PRODUCT_NAME = "$(TARGET_NAME)";
				SWIFT_EMIT_LOC_STRINGS = YES;
				SWIFT_VERSION = 5.0;
				TARGETED_DEVICE_FAMILY = "1,2";
			};
			name = Debug;
		};
		0243394A27C3430A0000708D /* Release */ = {
			isa = XCBuildConfiguration;
			buildSettings = {
				ASSETCATALOG_COMPILER_APPICON_NAME = AppIcon;
				ASSETCATALOG_COMPILER_GLOBAL_ACCENT_COLOR_NAME = AccentColor;
				CODE_SIGN_STYLE = Automatic;
				CURRENT_PROJECT_VERSION = 1;
				DEVELOPMENT_ASSET_PATHS = "\"PokeDex_ios/Preview Content\"";
				DEVELOPMENT_TEAM = 5F87C7YA3A;
				ENABLE_PREVIEWS = YES;
				GENERATE_INFOPLIST_FILE = YES;
				INFOPLIST_KEY_UIApplicationSceneManifest_Generation = YES;
				INFOPLIST_KEY_UIApplicationSupportsIndirectInputEvents = YES;
				INFOPLIST_KEY_UILaunchScreen_Generation = YES;
				INFOPLIST_KEY_UISupportedInterfaceOrientations_iPad = "UIInterfaceOrientationPortrait UIInterfaceOrientationPortraitUpsideDown UIInterfaceOrientationLandscapeLeft UIInterfaceOrientationLandscapeRight";
				INFOPLIST_KEY_UISupportedInterfaceOrientations_iPhone = "UIInterfaceOrientationPortrait UIInterfaceOrientationLandscapeLeft UIInterfaceOrientationLandscapeRight";
				LD_RUNPATH_SEARCH_PATHS = (
					"$(inherited)",
					"@executable_path/Frameworks",
				);
				MARKETING_VERSION = 1.0;
				PRODUCT_BUNDLE_IDENTIFIER = "com.jordyyeoman.PokeDex-ios";
				PRODUCT_NAME = "$(TARGET_NAME)";
				SWIFT_EMIT_LOC_STRINGS = YES;
				SWIFT_VERSION = 5.0;
				TARGETED_DEVICE_FAMILY = "1,2";
			};
			name = Release;
		};
		0243394C27C3430A0000708D /* Debug */ = {
			isa = XCBuildConfiguration;
			buildSettings = {
				ALWAYS_EMBED_SWIFT_STANDARD_LIBRARIES = YES;
				BUNDLE_LOADER = "$(TEST_HOST)";
				CODE_SIGN_STYLE = Automatic;
				CURRENT_PROJECT_VERSION = 1;
				DEVELOPMENT_TEAM = 5F87C7YA3A;
				GENERATE_INFOPLIST_FILE = YES;
				IPHONEOS_DEPLOYMENT_TARGET = 15.0;
				LD_RUNPATH_SEARCH_PATHS = (
					"$(inherited)",
					"@executable_path/Frameworks",
					"@loader_path/Frameworks",
				);
				MARKETING_VERSION = 1.0;
				PRODUCT_BUNDLE_IDENTIFIER = "com.jordyyeoman.PokeDex-iosTests";
				PRODUCT_NAME = "$(TARGET_NAME)";
				SWIFT_EMIT_LOC_STRINGS = NO;
				SWIFT_VERSION = 5.0;
				TARGETED_DEVICE_FAMILY = "1,2";
				TEST_HOST = "$(BUILT_PRODUCTS_DIR)/PokeDex_ios.app/PokeDex_ios";
			};
			name = Debug;
		};
		0243394D27C3430A0000708D /* Release */ = {
			isa = XCBuildConfiguration;
			buildSettings = {
				ALWAYS_EMBED_SWIFT_STANDARD_LIBRARIES = YES;
				BUNDLE_LOADER = "$(TEST_HOST)";
				CODE_SIGN_STYLE = Automatic;
				CURRENT_PROJECT_VERSION = 1;
				DEVELOPMENT_TEAM = 5F87C7YA3A;
				GENERATE_INFOPLIST_FILE = YES;
				IPHONEOS_DEPLOYMENT_TARGET = 15.0;
				LD_RUNPATH_SEARCH_PATHS = (
					"$(inherited)",
					"@executable_path/Frameworks",
					"@loader_path/Frameworks",
				);
				MARKETING_VERSION = 1.0;
				PRODUCT_BUNDLE_IDENTIFIER = "com.jordyyeoman.PokeDex-iosTests";
				PRODUCT_NAME = "$(TARGET_NAME)";
				SWIFT_EMIT_LOC_STRINGS = NO;
				SWIFT_VERSION = 5.0;
				TARGETED_DEVICE_FAMILY = "1,2";
				TEST_HOST = "$(BUILT_PRODUCTS_DIR)/PokeDex_ios.app/PokeDex_ios";
			};
			name = Release;
		};
		0243394F27C3430A0000708D /* Debug */ = {
			isa = XCBuildConfiguration;
			buildSettings = {
				ALWAYS_EMBED_SWIFT_STANDARD_LIBRARIES = YES;
				CODE_SIGN_STYLE = Automatic;
				CURRENT_PROJECT_VERSION = 1;
				DEVELOPMENT_TEAM = 5F87C7YA3A;
				GENERATE_INFOPLIST_FILE = YES;
				LD_RUNPATH_SEARCH_PATHS = (
					"$(inherited)",
					"@executable_path/Frameworks",
					"@loader_path/Frameworks",
				);
				MARKETING_VERSION = 1.0;
				PRODUCT_BUNDLE_IDENTIFIER = "com.jordyyeoman.PokeDex-iosUITests";
				PRODUCT_NAME = "$(TARGET_NAME)";
				SWIFT_EMIT_LOC_STRINGS = NO;
				SWIFT_VERSION = 5.0;
				TARGETED_DEVICE_FAMILY = "1,2";
				TEST_TARGET_NAME = PokeDex_ios;
			};
			name = Debug;
		};
		0243395027C3430A0000708D /* Release */ = {
			isa = XCBuildConfiguration;
			buildSettings = {
				ALWAYS_EMBED_SWIFT_STANDARD_LIBRARIES = YES;
				CODE_SIGN_STYLE = Automatic;
				CURRENT_PROJECT_VERSION = 1;
				DEVELOPMENT_TEAM = 5F87C7YA3A;
				GENERATE_INFOPLIST_FILE = YES;
				LD_RUNPATH_SEARCH_PATHS = (
					"$(inherited)",
					"@executable_path/Frameworks",
					"@loader_path/Frameworks",
				);
				MARKETING_VERSION = 1.0;
				PRODUCT_BUNDLE_IDENTIFIER = "com.jordyyeoman.PokeDex-iosUITests";
				PRODUCT_NAME = "$(TARGET_NAME)";
				SWIFT_EMIT_LOC_STRINGS = NO;
				SWIFT_VERSION = 5.0;
				TARGETED_DEVICE_FAMILY = "1,2";
				TEST_TARGET_NAME = PokeDex_ios;
			};
			name = Release;
		};
/* End XCBuildConfiguration section */

/* Begin XCConfigurationList section */
		0243391F27C343090000708D /* Build configuration list for PBXProject "PokeDex_ios" */ = {
			isa = XCConfigurationList;
			buildConfigurations = (
				0243394627C3430A0000708D /* Debug */,
				0243394727C3430A0000708D /* Release */,
			);
			defaultConfigurationIsVisible = 0;
			defaultConfigurationName = Release;
		};
		0243394827C3430A0000708D /* Build configuration list for PBXNativeTarget "PokeDex_ios" */ = {
			isa = XCConfigurationList;
			buildConfigurations = (
				0243394927C3430A0000708D /* Debug */,
				0243394A27C3430A0000708D /* Release */,
			);
			defaultConfigurationIsVisible = 0;
			defaultConfigurationName = Release;
		};
		0243394B27C3430A0000708D /* Build configuration list for PBXNativeTarget "PokeDex_iosTests" */ = {
			isa = XCConfigurationList;
			buildConfigurations = (
				0243394C27C3430A0000708D /* Debug */,
				0243394D27C3430A0000708D /* Release */,
			);
			defaultConfigurationIsVisible = 0;
			defaultConfigurationName = Release;
		};
		0243394E27C3430A0000708D /* Build configuration list for PBXNativeTarget "PokeDex_iosUITests" */ = {
			isa = XCConfigurationList;
			buildConfigurations = (
				0243394F27C3430A0000708D /* Debug */,
				0243395027C3430A0000708D /* Release */,
			);
			defaultConfigurationIsVisible = 0;
			defaultConfigurationName = Release;
		};
/* End XCConfigurationList section */

/* Begin XCRemoteSwiftPackageReference section */
		0243395C27C35AFD0000708D /* XCRemoteSwiftPackageReference "Kingfisher" */ = {
			isa = XCRemoteSwiftPackageReference;
			repositoryURL = "https://github.com/onevcat/Kingfisher";
			requirement = {
				branch = master;
				kind = branch;
			};
		};
/* End XCRemoteSwiftPackageReference section */

/* Begin XCSwiftPackageProductDependency section */
		0243395D27C35AFD0000708D /* Kingfisher */ = {
			isa = XCSwiftPackageProductDependency;
			package = 0243395C27C35AFD0000708D /* XCRemoteSwiftPackageReference "Kingfisher" */;
			productName = Kingfisher;
		};
/* End XCSwiftPackageProductDependency section */

/* Begin XCVersionGroup section */
		02F4681727C4D66A00A9ABA6 /* UserData.xcdatamodeld */ = {
			isa = XCVersionGroup;
			children = (
				02F4681827C4D66A00A9ABA6 /* UserData.xcdatamodel */,
			);
			currentVersion = 02F4681827C4D66A00A9ABA6 /* UserData.xcdatamodel */;
			path = UserData.xcdatamodeld;
			sourceTree = "<group>";
			versionGroupType = wrapper.xcdatamodel;
		};
/* End XCVersionGroup section */
	};
	rootObject = 0243391C27C343090000708D /* Project object */;
}
